
Microsoft Visual Studio Solution File, Format Version 12.00
# Visual Studio Version 16
VisualStudioVersion = 16.0.30717.126
MinimumVisualStudioVersion = 10.0.40219.1
Project("{FAE04EC0-301F-11D3-BF4B-00C04F79EFBC}") = "donghothoitrangOnline1", "donghothoitrangOnline1\donghothoitrangOnline1.csproj", "{77F7B118-97B4-4181-9621-C72B11B76212}"
EndProject
Project("{FAE04EC0-301F-11D3-BF4B-00C04F79EFBC}") = "ModeLSS", "ModeLSS\ModeLSS.csproj", "{5FE13CF9-89DD-4BB0-8861-6DD4955102F5}"
EndProject
Global
	GlobalSection(SolutionConfigurationPlatforms) = preSolution
		Debug|Any CPU = Debug|Any CPU
		Release|Any CPU = Release|Any CPU
	EndGlobalSection
	GlobalSection(ProjectConfigurationPlatforms) = postSolution
		{77F7B118-97B4-4181-9621-C72B11B76212}.Debug|Any CPU.ActiveCfg = Debug|Any CPU
		{77F7B118-97B4-4181-9621-C72B11B76212}.Debug|Any CPU.Build.0 = Debug|Any CPU
		{77F7B118-97B4-4181-9621-C72B11B76212}.Release|Any CPU.ActiveCfg = Release|Any CPU
		{77F7B118-97B4-4181-9621-C72B11B76212}.Release|Any CPU.Build.0 = Release|Any CPU
		{5FE13CF9-89DD-4BB0-8861-6DD4955102F5}.Debug|Any CPU.ActiveCfg = Debug|Any CPU
		{5FE13CF9-89DD-4BB0-8861-6DD4955102F5}.Debug|Any CPU.Build.0 = Debug|Any CPU
		{5FE13CF9-89DD-4BB0-8861-6DD4955102F5}.Release|Any CPU.ActiveCfg = Release|Any CPU
		{5FE13CF9-89DD-4BB0-8861-6DD4955102F5}.Release|Any CPU.Build.0 = Release|Any CPU
	EndGlobalSection
	GlobalSection(SolutionProperties) = preSolution
		HideSolutionNode = FALSE
	EndGlobalSection
	GlobalSection(ExtensibilityGlobals) = postSolution
		SolutionGuid = {483A6128-7149-4DEE-9BB1-41912C1EBD49}
	EndGlobalSection
EndGlobal
