
Microsoft Visual Studio Solution File, Format Version 12.00
# Visual Studio Version 16
VisualStudioVersion = 16.0.30717.126
MinimumVisualStudioVersion = 10.0.40219.1
Project("{FAE04EC0-301F-11D3-BF4B-00C04F79EFBC}") = "ShipOnline.UI", "ShipOnline.UI\ShipOnline.UI.csproj", "{C5B505AE-77C6-4BB5-9496-874716A7DB9C}"
EndProject
Global
	GlobalSection(SolutionConfigurationPlatforms) = preSolution
		Debug|Any CPU = Debug|Any CPU
		Release|Any CPU = Release|Any CPU
	EndGlobalSection
	GlobalSection(ProjectConfigurationPlatforms) = postSolution
		{C5B505AE-77C6-4BB5-9496-874716A7DB9C}.Debug|Any CPU.ActiveCfg = Debug|Any CPU
		{C5B505AE-77C6-4BB5-9496-874716A7DB9C}.Debug|Any CPU.Build.0 = Debug|Any CPU
		{C5B505AE-77C6-4BB5-9496-874716A7DB9C}.Release|Any CPU.ActiveCfg = Release|Any CPU
		{C5B505AE-77C6-4BB5-9496-874716A7DB9C}.Release|Any CPU.Build.0 = Release|Any CPU
	EndGlobalSection
	GlobalSection(SolutionProperties) = preSolution
		HideSolutionNode = FALSE
	EndGlobalSection
	GlobalSection(ExtensibilityGlobals) = postSolution
		SolutionGuid = {0FAA6679-AA6E-4B45-B48E-F294C5858FE8}
	EndGlobalSection
EndGlobal
