
Microsoft Visual Studio Solution File, Format Version 12.00
# Visual Studio Version 16
VisualStudioVersion = 16.0.30717.126
MinimumVisualStudioVersion = 10.0.40219.1
Project("{FAE04EC0-301F-11D3-BF4B-00C04F79EFBC}") = "ShopONLINEDongHo", "ShopONLINEDongHo\ShopONLINEDongHo.csproj", "{7325D5B9-F589-4A75-A6FB-129C9F694DAB}"
EndProject
Project("{FAE04EC0-301F-11D3-BF4B-00C04F79EFBC}") = "Models", "Models\Models.csproj", "{2A75F77B-1998-4642-81CF-61188A1E9EF4}"
EndProject
Global
	GlobalSection(SolutionConfigurationPlatforms) = preSolution
		Debug|Any CPU = Debug|Any CPU
		Release|Any CPU = Release|Any CPU
	EndGlobalSection
	GlobalSection(ProjectConfigurationPlatforms) = postSolution
		{7325D5B9-F589-4A75-A6FB-129C9F694DAB}.Debug|Any CPU.ActiveCfg = Debug|Any CPU
		{7325D5B9-F589-4A75-A6FB-129C9F694DAB}.Debug|Any CPU.Build.0 = Debug|Any CPU
		{7325D5B9-F589-4A75-A6FB-129C9F694DAB}.Release|Any CPU.ActiveCfg = Release|Any CPU
		{7325D5B9-F589-4A75-A6FB-129C9F694DAB}.Release|Any CPU.Build.0 = Release|Any CPU
		{2A75F77B-1998-4642-81CF-61188A1E9EF4}.Debug|Any CPU.ActiveCfg = Debug|Any CPU
		{2A75F77B-1998-4642-81CF-61188A1E9EF4}.Debug|Any CPU.Build.0 = Debug|Any CPU
		{2A75F77B-1998-4642-81CF-61188A1E9EF4}.Release|Any CPU.ActiveCfg = Release|Any CPU
		{2A75F77B-1998-4642-81CF-61188A1E9EF4}.Release|Any CPU.Build.0 = Release|Any CPU
	EndGlobalSection
	GlobalSection(SolutionProperties) = preSolution
		HideSolutionNode = FALSE
	EndGlobalSection
	GlobalSection(ExtensibilityGlobals) = postSolution
		SolutionGuid = {9BA7C384-95BB-4FA2-A38F-D224F1501747}
	EndGlobalSection
EndGlobal
